<?xml version="1.0" encoding="utf-8"?>
<Project ToolsVersion="4.0" xmlns="http://schemas.microsoft.com/developer/msbuild/2003">
  <ItemGroup>
    <ClCompile Include="Source\Core\game.cpp" />
    <ClCompile Include="Source\Core\gameDoc.cpp" />
    <ClCompile Include="Source\Core\gameView.cpp" />
    <ClCompile Include="Source\Core\MainFrm.cpp" />
    <ClCompile Include="Source\Core\StdAfx.cpp" />
    <ClCompile Include="Source\Game\Block.cpp" />
    <ClCompile Include="Source\Game\bonus_room.cpp" />
    <ClCompile Include="Source\Game\Boss.cpp" />
    <ClCompile Include="Source\Game\BossRoom.cpp" />
    <ClCompile Include="Source\Game\Bullet.cpp" />
    <ClCompile Include="Source\Game\Character.cpp" />
    <ClCompile Include="Source\Game\Distribute_room.cpp" />
    <ClCompile Include="Source\Game\Drops.cpp" />
    <ClCompile Include="Source\Game\Hero.cpp" />
    <ClCompile Include="Source\Game\HeroSkill.cpp" />
    <ClCompile Include="Source\Game\Monster.cpp" />
    <ClCompile Include="Source\Game\monster_room.cpp" />
    <ClCompile Include="Source\Game\mygame_initialize.cpp" />
    <ClCompile Include="Source\Game\mygame_over.cpp" />
    <ClCompile Include="Source\Game\mygame_run.cpp" />
    <ClCompile Include="Source\Game\RandForMapObject.cpp" />
    <ClCompile Include="Source\Game\ReadCSV.cpp" />
    <ClCompile Include="Source\Game\room.cpp" />
    <ClCompile Include="Source\Game\spawn_room.cpp" />
    <ClCompile Include="Source\Game\teleport_room.cpp" />
    <ClCompile Include="Source\Game\times.cpp" />
    <ClCompile Include="Source\Library\audio.cpp" />
    <ClCompile Include="Source\Library\gamecore.cpp" />
    <ClCompile Include="Source\Library\gameutil.cpp" />
    <ClCompile Include="Source\Game\music.cpp" />
  </ItemGroup>
  <ItemGroup>
    <ClInclude Include="Source\Core\Game.h" />
    <ClInclude Include="Source\Core\gameDoc.h" />
    <ClInclude Include="Source\Core\gameView.h" />
    <ClInclude Include="Source\Core\MainFrm.h" />
    <ClInclude Include="Source\Core\Resource.h" />
    <ClInclude Include="Source\Core\StdAfx.h" />
    <ClInclude Include="Source\Game\Block.h" />
    <ClInclude Include="Source\Game\bonus_room.h" />
    <ClInclude Include="Source\Game\Boss.h" />
    <ClInclude Include="Source\Game\BossRoom.h" />
    <ClInclude Include="Source\Game\Bullet.h" />
    <ClInclude Include="Source\Game\Character.h" />
    <ClInclude Include="Source\Game\config.h" />
    <ClInclude Include="Source\Game\Detect_crash.h" />
    <ClInclude Include="Source\Game\Distribute_room.h" />
    <ClInclude Include="Source\Game\Drops.h" />
    <ClInclude Include="Source\Game\Hero.h" />
    <ClInclude Include="Source\Game\HeroSkill.h" />
    <ClInclude Include="Source\Game\map_block.h" />
    <ClInclude Include="Source\Game\Monster.h" />
    <ClInclude Include="Source\Game\monster_room.h" />
    <ClInclude Include="Source\Game\mygame.h" />
    <ClInclude Include="Source\Game\RandForMapObject.h" />
    <ClInclude Include="Source\Game\ReadCSV.h" />
    <ClInclude Include="Source\Game\room.h" />
    <ClInclude Include="Source\Game\spawn_room.h" />
    <ClInclude Include="Source\Game\teleport_room.h" />
    <ClInclude Include="Source\Game\times.h" />
    <ClInclude Include="Source\Library\audio.h" />
    <ClInclude Include="Source\Library\gamecore.h" />
    <ClInclude Include="Source\Library\gameutil.h" />
    <ClInclude Include="Source\Game\HeroState.h" />
<<<<<<< HEAD
    <ClInclude Include="Source\Game\music.h" />
=======
    <ClInclude Include="Source\Game\Gun.h" />
    <ClInclude Include="Source\Game\EnumLibrary.h" />
>>>>>>> orange
  </ItemGroup>
  <ItemGroup>
    <ResourceCompile Include="Source\Core\game.rc" />
  </ItemGroup>
  <ItemGroup>
    <None Include="RES\GAME.RC2" />
  </ItemGroup>
</Project>